# THIS IS AN AUTOGENERATED FILE. DO NOT EDIT THIS FILE DIRECTLY.
# yarn lockfile v1


balanced-match@^0.4.1:
  version "0.4.2"
  resolved "https://registry.yarnpkg.com/balanced-match/-/balanced-match-0.4.2.tgz#cb3f3e3c732dc0f01ee70b403f302e61d7709838"

brace-expansion@^1.0.0:
  version "1.1.6"
  resolved "https://registry.yarnpkg.com/brace-expansion/-/brace-expansion-1.1.6.tgz#7197d7eaa9b87e648390ea61fc66c84427420df9"
  dependencies:
    balanced-match "^0.4.1"
    concat-map "0.0.1"

broccoli-plugin@^1.3.0:
  version "1.3.0"
  resolved "https://registry.yarnpkg.com/broccoli-plugin/-/broccoli-plugin-1.3.0.tgz#bee704a8e42da08cb58e513aaa436efb7f0ef1ee"
  dependencies:
    promise-map-series "^0.2.1"
    quick-temp "^0.1.3"
    rimraf "^2.3.4"
    symlink-or-copy "^1.1.8"

concat-map@0.0.1:
  version "0.0.1"
  resolved "https://registry.yarnpkg.com/concat-map/-/concat-map-0.0.1.tgz#d8a96bd77fd68df7793a73036a3ba0d5405d477b"

debug@^2.2.0:
  version "2.6.3"
  resolved "https://registry.yarnpkg.com/debug/-/debug-2.6.3.tgz#0f7eb8c30965ec08c72accfa0130c8b79984141d"
  dependencies:
    ms "0.7.2"

ensure-posix-path@^1.0.0:
  version "1.0.2"
  resolved "https://registry.yarnpkg.com/ensure-posix-path/-/ensure-posix-path-1.0.2.tgz#a65b3e42d0b71cfc585eb774f9943c8d9b91b0c2"

fs-tree-diff@^0.5.6:
  version "0.5.6"
  resolved "https://registry.yarnpkg.com/fs-tree-diff/-/fs-tree-diff-0.5.6.tgz#342665749e8dca406800b672268c8f5073f3e623"
  dependencies:
    heimdalljs-logger "^0.1.7"
    object-assign "^4.1.0"
    path-posix "^1.0.0"
    symlink-or-copy "^1.1.8"

fs.realpath@^1.0.0:
  version "1.0.0"
  resolved "https://registry.yarnpkg.com/fs.realpath/-/fs.realpath-1.0.0.tgz#1504ad2523158caa40db4a2787cb01411994ea4f"

glob@^7.0.5:
  version "7.1.1"
  resolved "https://registry.yarnpkg.com/glob/-/glob-7.1.1.tgz#805211df04faaf1c63a3600306cdf5ade50b2ec8"
  dependencies:
    fs.realpath "^1.0.0"
    inflight "^1.0.4"
    inherits "2"
    minimatch "^3.0.2"
    once "^1.3.0"
    path-is-absolute "^1.0.0"

heimdalljs-logger@^0.1.7:
  version "0.1.8"
  resolved "https://registry.yarnpkg.com/heimdalljs-logger/-/heimdalljs-logger-0.1.8.tgz#82abb55e53eefc0e5654ddf521b82926e50fcd95"
  dependencies:
    debug "^2.2.0"
    heimdalljs "^0.2.0"

heimdalljs@^0.2.0:
  version "0.2.4"
  resolved "https://registry.yarnpkg.com/heimdalljs/-/heimdalljs-0.2.4.tgz#34ead16eab422c94803065d33abeba1f7b24a910"
  dependencies:
    rsvp "~3.2.1"

inflight@^1.0.4:
  version "1.0.6"
  resolved "https://registry.yarnpkg.com/inflight/-/inflight-1.0.6.tgz#49bd6331d7d02d0c09bc910a1075ba8165b56df9"
  dependencies:
    once "^1.3.0"
    wrappy "1"

inherits@2:
  version "2.0.3"
  resolved "https://registry.yarnpkg.com/inherits/-/inherits-2.0.3.tgz#633c2c83e3da42a502f52466022480f4208261de"

matcher-collection@^1.0.0:
  version "1.0.4"
  resolved "https://registry.yarnpkg.com/matcher-collection/-/matcher-collection-1.0.4.tgz#2f66ae0869996f29e43d0b62c83dd1d43e581755"
  dependencies:
    minimatch "^3.0.2"

minimatch@^3.0.2:
  version "3.0.3"
  resolved "https://registry.yarnpkg.com/minimatch/-/minimatch-3.0.3.tgz#2a4e4090b96b2db06a9d7df01055a62a77c9b774"
  dependencies:
    brace-expansion "^1.0.0"

mktemp@~0.4.0:
  version "0.4.0"
  resolved "https://registry.yarnpkg.com/mktemp/-/mktemp-0.4.0.tgz#6d0515611c8a8c84e484aa2000129b98e981ff0b"

ms@0.7.2:
  version "0.7.2"
  resolved "https://registry.yarnpkg.com/ms/-/ms-0.7.2.tgz#ae25cf2512b3885a1d95d7f037868d8431124765"

object-assign@^4.1.0:
  version "4.1.1"
  resolved "https://registry.yarnpkg.com/object-assign/-/object-assign-4.1.1.tgz#2109adc7965887cfc05cbbd442cac8bfbb360863"

once@^1.3.0:
  version "1.4.0"
  resolved "https://registry.yarnpkg.com/once/-/once-1.4.0.tgz#583b1aa775961d4b113ac17d9c50baef9dd76bd1"
  dependencies:
    wrappy "1"

path-is-absolute@^1.0.0:
  version "1.0.1"
  resolved "https://registry.yarnpkg.com/path-is-absolute/-/path-is-absolute-1.0.1.tgz#174b9268735534ffbc7ace6bf53a5a9e1b5c5f5f"

path-posix@^1.0.0:
  version "1.0.0"
  resolved "https://registry.yarnpkg.com/path-posix/-/path-posix-1.0.0.tgz#06b26113f56beab042545a23bfa88003ccac260f"

promise-map-series@^0.2.1:
  version "0.2.3"
  resolved "https://registry.yarnpkg.com/promise-map-series/-/promise-map-series-0.2.3.tgz#c2d377afc93253f6bd03dbb77755eb88ab20a847"
  dependencies:
    rsvp "^3.0.14"

quick-temp@^0.1.3:
  version "0.1.8"
  resolved "https://registry.yarnpkg.com/quick-temp/-/quick-temp-0.1.8.tgz#bab02a242ab8fb0dd758a3c9776b32f9a5d94408"
  dependencies:
    mktemp "~0.4.0"
    rimraf "^2.5.4"
    underscore.string "~3.3.4"

rimraf@^2.3.4, rimraf@^2.5.4:
  version "2.6.1"
  resolved "https://registry.yarnpkg.com/rimraf/-/rimraf-2.6.1.tgz#c2338ec643df7a1b7fe5c54fa86f57428a55f33d"
  dependencies:
    glob "^7.0.5"

rsvp@^3.0.14, rsvp@^3.5.0:
  version "3.5.0"
  resolved "https://registry.yarnpkg.com/rsvp/-/rsvp-3.5.0.tgz#a62c573a4ae4e1dfd0697ebc6242e79c681eaa34"

rsvp@~3.2.1:
  version "3.2.1"
  resolved "https://registry.yarnpkg.com/rsvp/-/rsvp-3.2.1.tgz#07cb4a5df25add9e826ebc67dcc9fd89db27d84a"

sprintf-js@^1.0.3:
  version "1.0.3"
  resolved "https://registry.yarnpkg.com/sprintf-js/-/sprintf-js-1.0.3.tgz#04e6926f662895354f3dd015203633b857297e2c"

symlink-or-copy@^1.1.8:
  version "1.1.8"
  resolved "https://registry.yarnpkg.com/symlink-or-copy/-/symlink-or-copy-1.1.8.tgz#cabe61e0010c1c023c173b25ee5108b37f4b4aa3"

underscore.string@~3.3.4:
  version "3.3.4"
  resolved "https://registry.yarnpkg.com/underscore.string/-/underscore.string-3.3.4.tgz#2c2a3f9f83e64762fdc45e6ceac65142864213db"
  dependencies:
    sprintf-js "^1.0.3"
    util-deprecate "^1.0.2"

util-deprecate@^1.0.2:
  version "1.0.2"
  resolved "https://registry.yarnpkg.com/util-deprecate/-/util-deprecate-1.0.2.tgz#450d4dc9fa70de732762fbd2d4a28981419a0ccf"

walk-sync@^0.3.1:
  version "0.3.1"
  resolved "https://registry.yarnpkg.com/walk-sync/-/walk-sync-0.3.1.tgz#558a16aeac8c0db59c028b73c66f397684ece465"
  dependencies:
    ensure-posix-path "^1.0.0"
    matcher-collection "^1.0.0"

wrappy@1:
  version "1.0.2"
  resolved "https://registry.yarnpkg.com/wrappy/-/wrappy-1.0.2.tgz#b5243d8f3ec1aa35f1364605bc0d1036e30ab69f"
